
Microsoft Visual Studio Solution File, Format Version 12.00
# Visual Studio Version 17
VisualStudioVersion = 17.7.34024.191
MinimumVisualStudioVersion = 10.0.40219.1
Project("{FAE04EC0-301F-11D3-BF4B-00C04F79EFBC}") = "QLBanPhanMem", "QLBanPhanMem\QLBanPhanMem.csproj", "{3757B2D0-11B3-49C0-8707-CEBE76521FF7}"
EndProject
Global
	GlobalSection(SolutionConfigurationPlatforms) = preSolution
		Debug|Any CPU = Debug|Any CPU
		Release|Any CPU = Release|Any CPU
	EndGlobalSection
	GlobalSection(ProjectConfigurationPlatforms) = postSolution
		{3757B2D0-11B3-49C0-8707-CEBE76521FF7}.Debug|Any CPU.ActiveCfg = Debug|Any CPU
		{3757B2D0-11B3-49C0-8707-CEBE76521FF7}.Debug|Any CPU.Build.0 = Debug|Any CPU
		{3757B2D0-11B3-49C0-8707-CEBE76521FF7}.Release|Any CPU.ActiveCfg = Release|Any CPU
		{3757B2D0-11B3-49C0-8707-CEBE76521FF7}.Release|Any CPU.Build.0 = Release|Any CPU
	EndGlobalSection
	GlobalSection(SolutionProperties) = preSolution
		HideSolutionNode = FALSE
	EndGlobalSection
	GlobalSection(ExtensibilityGlobals) = postSolution
		SolutionGuid = {6384B8E7-7710-4B9B-815C-E5ED97CBA6BA}
	EndGlobalSection
EndGlobal
